
Microsoft Visual Studio Solution File, Format Version 12.00
# Visual Studio Version 17
VisualStudioVersion = 17.4.33213.308
MinimumVisualStudioVersion = 10.0.40219.1
Project("{888888A0-9F3D-457C-B088-3A5042F75D52}") = "таймер", "таймер\таймер.pyproj", "{A97C4600-BAED-4692-A3FC-487DB903EE1E}"
EndProject
Global
	GlobalSection(SolutionConfigurationPlatforms) = preSolution
		Debug|Any CPU = Debug|Any CPU
		Release|Any CPU = Release|Any CPU
	EndGlobalSection
	GlobalSection(ProjectConfigurationPlatforms) = postSolution
		{A97C4600-BAED-4692-A3FC-487DB903EE1E}.Debug|Any CPU.ActiveCfg = Debug|Any CPU
		{A97C4600-BAED-4692-A3FC-487DB903EE1E}.Release|Any CPU.ActiveCfg = Release|Any CPU
	EndGlobalSection
	GlobalSection(SolutionProperties) = preSolution
		HideSolutionNode = FALSE
	EndGlobalSection
	GlobalSection(ExtensibilityGlobals) = postSolution
		SolutionGuid = {54E63A26-41B3-4C70-AF15-6EEE0C3AE868}
	EndGlobalSection
EndGlobal
